
Microsoft Visual Studio Solution File, Format Version 12.00
# Visual Studio Version 17
VisualStudioVersion = 17.5.002.0
MinimumVisualStudioVersion = 10.0.40219.1
Project("{2150E333-8FDC-42A3-9474-1A3956D46DE8}") = "roz 01", "roz 01", "{57A8A2D7-3F4B-448A-866A-530FA4248F43}"
EndProject
Project("{9A19103F-16F7-4668-BE54-9A1E7A4F7556}") = "yoyo_cs", "roz 01\yoyo_cs\yoyo_cs.csproj", "{461C9714-5D54-4412-92A5-49F95FF71247}"
EndProject
Global
	GlobalSection(SolutionConfigurationPlatforms) = preSolution
		Debug|Any CPU = Debug|Any CPU
		Release|Any CPU = Release|Any CPU
	EndGlobalSection
	GlobalSection(ProjectConfigurationPlatforms) = postSolution
		{461C9714-5D54-4412-92A5-49F95FF71247}.Debug|Any CPU.ActiveCfg = Debug|Any CPU
		{461C9714-5D54-4412-92A5-49F95FF71247}.Debug|Any CPU.Build.0 = Debug|Any CPU
		{461C9714-5D54-4412-92A5-49F95FF71247}.Release|Any CPU.ActiveCfg = Release|Any CPU
		{461C9714-5D54-4412-92A5-49F95FF71247}.Release|Any CPU.Build.0 = Release|Any CPU
	EndGlobalSection
	GlobalSection(SolutionProperties) = preSolution
		HideSolutionNode = FALSE
	EndGlobalSection
	GlobalSection(NestedProjects) = preSolution
		{461C9714-5D54-4412-92A5-49F95FF71247} = {57A8A2D7-3F4B-448A-866A-530FA4248F43}
	EndGlobalSection
	GlobalSection(ExtensibilityGlobals) = postSolution
		SolutionGuid = {B134E540-B723-4397-92A2-E318A045BD7D}
	EndGlobalSection
EndGlobal
